hash: e78be4f3be5bdec6d2a4ffbcb7ef516c06c5e1db2103ecb007f147f9a065829d
updated: 2016-11-01T11:33:30.787713559-02:00
imports:
- name: github.com/ajg/form
  version: 523a5da1a92f01b01f840b61689c0340a0243532
- name: github.com/cjoudrey/gluahttp
  version: b4bfe0c50fea948dcbf3966e120996d6607bbd89
- name: github.com/eclipse/paho.mqtt.golang
  version: 13afcbe8e41508479762a90e9242577210c2ca8d
  subpackages:
  - packets
- name: github.com/franela/goblin
  version: efa9910a3ea4ccb7ee4b977571318af2e51ba05f
- name: github.com/fsnotify/fsnotify
  version: f12c6236fe7b5cf6bcf30e5935d08cb079d78334
- name: github.com/garyburd/redigo
  version: 80f7de34463b0ed3d7c61303e5619efe1b227f92
  subpackages:
  - internal
  - redis
- name: github.com/gavv/httpexpect
  version: ab5f666af253b969504c317d702c554ecf9493cc
- name: github.com/getsentry/raven-go
  version: c9d3cc542ad199f62c0264286be537f9bce6063c
- name: github.com/hashicorp/hcl
  version: baeb59c710717b06aac1dbe2270e8192ec593244
  subpackages:
  - hcl/ast
  - hcl/parser
  - hcl/scanner
  - hcl/strconv
  - hcl/token
  - json/parser
  - json/scanner
  - json/token
- name: github.com/inconshreveable/mousetrap
  version: 76626ae9c91c4f2a10f34cad8ce83ea42c93bb75
- name: github.com/kr/fs
  version: 2788f0dbd16903de03cb8186e5c7d97b69ad387b
- name: github.com/labstack/echo
  version: 04e6901d05b58ddbae579a6252a3d1bb3f334adc
  subpackages:
  - context
  - engine
  - engine/standard
  - log
- name: github.com/labstack/gommon
  version: 2d272df536d051e737aea353b86c979d6e88bce0
  subpackages:
  - color
  - log
- name: github.com/layeh/gopher-json
  version: e45b65570c08a97b97a459e0cc04a53c1affab95
- name: github.com/layeh/gopher-luar
  version: 921d03e21a7844141b02d4c729269b6709762f28
- name: github.com/magiconair/properties
  version: 61b492c03cf472e0c6419be5899b8e0dc28b1b88
- name: github.com/mattn/go-colorable
  version: ed8eb9e318d7a84ce5915b495b7d35e0cfe7b5a8
- name: github.com/mattn/go-isatty
  version: 66b8e73f3f5cda9f96b69efd03dd3d7fc4a5cdb8
- name: github.com/mitchellh/mapstructure
  version: ca63d7c062ee3c9f34db231e352b60012b4fd0c1
- name: github.com/newrelic/go-agent
  version: 372845e16294c9fa73951b27d5631b601643fc51
  subpackages:
  - internal
  - internal/jsonx
  - internal/logger
  - internal/sysinfo
  - internal/utilization
- name: github.com/onsi/gomega
  version: c90bd38f8da6e92f8b114953db2f0ad7361fb4b4
  subpackages:
  - format
  - internal/assertion
  - internal/asyncassertion
  - internal/oraclematcher
  - internal/testingtsupport
  - matchers
  - matchers/support/goraph/bipartitegraph
  - matchers/support/goraph/edge
  - matchers/support/goraph/node
  - matchers/support/goraph/util
  - types
- name: github.com/op/go-logging
  version: 970db520ece77730c7e4724c61121037378659d9
- name: github.com/pelletier/go-buffruneio
  version: df1e16fde7fc330a0ca68167c23bf7ed6ac31d6d
- name: github.com/pelletier/go-toml
  version: 5a62685873ef617233ab5f1b825a6e4a758e16cf
- name: github.com/pkg/errors
  version: 17b591df37844cde689f4d5813e5cea0927d8dd2
- name: github.com/pkg/sftp
  version: a71e8f580e3b622ebff585309160b1cc549ef4d2
- name: github.com/satori/go.uuid
  version: 0aa62d5ddceb50dbcb909d790b5345affd3669b6
- name: github.com/spf13/afero
  version: 20500e2abd0d1f4564a499e83d11d6c73cd58c27
  subpackages:
  - mem
  - sftp
- name: github.com/spf13/cast
  version: e31f36ffc91a2ba9ddb72a4b6a607ff9b3d3cb63
- name: github.com/spf13/cobra
  version: 37c3f8060359192150945916cbc2d72bce804b4d
- name: github.com/spf13/jwalterweatherman
  version: 33c24e77fb80341fe7130ee7c594256ff08ccc46
- name: github.com/spf13/pflag
  version: 103ce5cd2042f2fe629c1957abb64ab3e7f50235
- name: github.com/spf13/viper
  version: 7fb2782df3d83e0036cc89f461ed0422628776f4
- name: github.com/uber-go/atomic
  version: 0c9e689d64f004564b79d9a663634756df322902
- name: github.com/uber-go/zap
  version: d11d2851fcabcf03421c4dbdbc3146fc74eb1035
- name: github.com/valyala/fasthttp
  version: 834fb48f10402a9c58ed0637ec47ba0d91f201c8
- name: github.com/valyala/fasttemplate
  version: 3b874956e03f1636d171bda64b130f9135f42cff
- name: github.com/yuin/gopher-lua
  version: d0d5dd3565a9f3c86ff5bc42a0b1cc9e5bfcf55e
  subpackages:
  - ast
  - parse
  - pm
- name: golang.org/x/crypto
  version: 986d3313588aa5c68f1df95eac956f79cf3b2c01
  subpackages:
  - curve25519
  - ed25519
  - ed25519/internal/edwards25519
  - pbkdf2
  - ssh
- name: golang.org/x/net
  version: 7394c112eae4dba7e96bfcfe738e6373d61772b4
  subpackages:
  - context
  - context/ctxhttp
  - websocket
- name: golang.org/x/sys
  version: a646d33e2ee3172a661fc09bca23bb4889a41bc8
  subpackages:
  - unix
- name: golang.org/x/text
  version: d69c40b4be55797923cec7457fac7a244d91a9b6
  subpackages:
  - transform
  - unicode/norm
- name: gopkg.in/olivere/elastic.v3
  version: 1ad75b5396674e9c783400e89106bc0c8da9d786
  subpackages:
  - backoff
  - uritemplates
- name: gopkg.in/yaml.v2
  version: e4d366fc3c7938e2958e662b4258c7a89e1f0e3e
testImports: []
